// !$*UTF8*$!
{
	archiveVersion = 1;
	classes = {
	};
	objectVersion = 56;
	objects = {

/* Begin PBXBuildFile section */
		FD82A6EE29670E3100DB3552 /* MainView.swift in Sources */ = {isa = PBXBuildFile; fileRef = FD82A6ED29670E3100DB3552 /* MainView.swift */; };
		FD82A6F02967118100DB3552 /* CheckoutView.swift in Sources */ = {isa = PBXBuildFile; fileRef = FD82A6EF2967118100DB3552 /* CheckoutView.swift */; };
		FD846AFE2966FDAA00FA9F4A /* iDineApp.swift in Sources */ = {isa = PBXBuildFile; fileRef = FD846AFD2966FDAA00FA9F4A /* iDineApp.swift */; };
		FD846B002966FDAA00FA9F4A /* ContentView.swift in Sources */ = {isa = PBXBuildFile; fileRef = FD846AFF2966FDAA00FA9F4A /* ContentView.swift */; };
		FD846B022966FDAE00FA9F4A /* Assets.xcassets in Resources */ = {isa = PBXBuildFile; fileRef = FD846B012966FDAE00FA9F4A /* Assets.xcassets */; };
		FD846B052966FDAE00FA9F4A /* Preview Assets.xcassets in Resources */ = {isa = PBXBuildFile; fileRef = FD846B042966FDAE00FA9F4A /* Preview Assets.xcassets */; };
		FD846B0D2966FDFB00FA9F4A /* ItemRow.swift in Sources */ = {isa = PBXBuildFile; fileRef = FD846B0C2966FDFB00FA9F4A /* ItemRow.swift */; };
		FD846B0F2966FE0B00FA9F4A /* ItemDetail.swift in Sources */ = {isa = PBXBuildFile; fileRef = FD846B0E2966FE0B00FA9F4A /* ItemDetail.swift */; };
		FD846B122966FE4800FA9F4A /* iDine.swift in Sources */ = {isa = PBXBuildFile; fileRef = FD846B112966FE4800FA9F4A /* iDine.swift */; };
		FD846B152966FE6C00FA9F4A /* Order.swift in Sources */ = {isa = PBXBuildFile; fileRef = FD846B142966FE6C00FA9F4A /* Order.swift */; };
		FD846B182966FE8500FA9F4A /* Menu.swift in Sources */ = {isa = PBXBuildFile; fileRef = FD846B172966FE8500FA9F4A /* Menu.swift */; };
		FD846B1B2966FEAA00FA9F4A /* menu.json in Resources */ = {isa = PBXBuildFile; fileRef = FD846B1A2966FEAA00FA9F4A /* menu.json */; };
		FD846B1E2966FEC500FA9F4A /* Helper.swift in Sources */ = {isa = PBXBuildFile; fileRef = FD846B1D2966FEC500FA9F4A /* Helper.swift */; };
		FD846B202967049E00FA9F4A /* OrderView.swift in Sources */ = {isa = PBXBuildFile; fileRef = FD846B1F2967049E00FA9F4A /* OrderView.swift */; };
/* End PBXBuildFile section */

/* Begin PBXFileReference section */
		FD82A6ED29670E3100DB3552 /* MainView.swift */ = {isa = PBXFileReference; lastKnownFileType = sourcecode.swift; path = MainView.swift; sourceTree = "<group>"; };
		FD82A6EF2967118100DB3552 /* CheckoutView.swift */ = {isa = PBXFileReference; lastKnownFileType = sourcecode.swift; path = CheckoutView.swift; sourceTree = "<group>"; };
		FD846AFA2966FDAA00FA9F4A /* iDine.app */ = {isa = PBXFileReference; explicitFileType = wrapper.application; includeInIndex = 0; path = iDine.app; sourceTree = BUILT_PRODUCTS_DIR; };
		FD846AFD2966FDAA00FA9F4A /* iDineApp.swift */ = {isa = PBXFileReference; lastKnownFileType = sourcecode.swift; path = iDineApp.swift; sourceTree = "<group>"; };
		FD846AFF2966FDAA00FA9F4A /* ContentView.swift */ = {isa = PBXFileReference; lastKnownFileType = sourcecode.swift; path = ContentView.swift; sourceTree = "<group>"; };
		FD846B012966FDAE00FA9F4A /* Assets.xcassets */ = {isa = PBXFileReference; lastKnownFileType = folder.assetcatalog; path = Assets.xcassets; sourceTree = "<group>"; };
		FD846B042966FDAE00FA9F4A /* Preview Assets.xcassets */ = {isa = PBXFileReference; lastKnownFileType = folder.assetcatalog; path = "Preview Assets.xcassets"; sourceTree = "<group>"; };
		FD846B0C2966FDFB00FA9F4A /* ItemRow.swift */ = {isa = PBXFileReference; lastKnownFileType = sourcecode.swift; path = ItemRow.swift; sourceTree = "<group>"; };
		FD846B0E2966FE0B00FA9F4A /* ItemDetail.swift */ = {isa = PBXFileReference; lastKnownFileType = sourcecode.swift; path = ItemDetail.swift; sourceTree = "<group>"; };
		FD846B112966FE4800FA9F4A /* iDine.swift */ = {isa = PBXFileReference; lastKnownFileType = sourcecode.swift; path = iDine.swift; sourceTree = "<group>"; };
		FD846B142966FE6C00FA9F4A /* Order.swift */ = {isa = PBXFileReference; lastKnownFileType = sourcecode.swift; path = Order.swift; sourceTree = "<group>"; };
		FD846B172966FE8500FA9F4A /* Menu.swift */ = {isa = PBXFileReference; lastKnownFileType = sourcecode.swift; path = Menu.swift; sourceTree = "<group>"; };
		FD846B1A2966FEAA00FA9F4A /* menu.json */ = {isa = PBXFileReference; lastKnownFileType = text.json; path = menu.json; sourceTree = "<group>"; };
		FD846B1D2966FEC500FA9F4A /* Helper.swift */ = {isa = PBXFileReference; lastKnownFileType = sourcecode.swift; path = Helper.swift; sourceTree = "<group>"; };
		FD846B1F2967049E00FA9F4A /* OrderView.swift */ = {isa = PBXFileReference; lastKnownFileType = sourcecode.swift; path = OrderView.swift; sourceTree = "<group>"; };
/* End PBXFileReference section */

/* Begin PBXFrameworksBuildPhase section */
		FD846AF72966FDAA00FA9F4A /* Frameworks */ = {
			isa = PBXFrameworksBuildPhase;
			buildActionMask = 2147483647;
			files = (
			);
			runOnlyForDeploymentPostprocessing = 0;
		};
/* End PBXFrameworksBuildPhase section */

/* Begin PBXGroup section */
		FD846AF12966FDAA00FA9F4A = {
			isa = PBXGroup;
			children = (
				FD846AFC2966FDAA00FA9F4A /* iDine */,
				FD846AFB2966FDAA00FA9F4A /* Products */,
			);
			sourceTree = "<group>";
		};
		FD846AFB2966FDAA00FA9F4A /* Products */ = {
			isa = PBXGroup;
			children = (
				FD846AFA2966FDAA00FA9F4A /* iDine.app */,
			);
			name = Products;
			sourceTree = "<group>";
		};
		FD846AFC2966FDAA00FA9F4A /* iDine */ = {
			isa = PBXGroup;
			children = (
				FD846AFD2966FDAA00FA9F4A /* iDineApp.swift */,
				FD846B0B2966FDDA00FA9F4A /* Components */,
				FD846B102966FE3C00FA9F4A /* Views */,
				FD846B132966FE5E00FA9F4A /* ViewModel */,
				FD846B162966FE7B00FA9F4A /* Model */,
				FD846B192966FE9700FA9F4A /* Json */,
				FD846B1C2966FEB800FA9F4A /* Helper */,
				FD846B012966FDAE00FA9F4A /* Assets.xcassets */,
				FD846B032966FDAE00FA9F4A /* Preview Content */,
			);
			path = iDine;
			sourceTree = "<group>";
		};
		FD846B032966FDAE00FA9F4A /* Preview Content */ = {
			isa = PBXGroup;
			children = (
				FD846B042966FDAE00FA9F4A /* Preview Assets.xcassets */,
			);
			path = "Preview Content";
			sourceTree = "<group>";
		};
		FD846B0B2966FDDA00FA9F4A /* Components */ = {
			isa = PBXGroup;
			children = (
				FD846B0C2966FDFB00FA9F4A /* ItemRow.swift */,
				FD846B0E2966FE0B00FA9F4A /* ItemDetail.swift */,
			);
			path = Components;
			sourceTree = "<group>";
		};
		FD846B102966FE3C00FA9F4A /* Views */ = {
			isa = PBXGroup;
			children = (
				FD82A6ED29670E3100DB3552 /* MainView.swift */,
				FD846AFF2966FDAA00FA9F4A /* ContentView.swift */,
				FD846B112966FE4800FA9F4A /* iDine.swift */,
				FD846B1F2967049E00FA9F4A /* OrderView.swift */,
				FD82A6EF2967118100DB3552 /* CheckoutView.swift */,
			);
			path = Views;
			sourceTree = "<group>";
		};
		FD846B132966FE5E00FA9F4A /* ViewModel */ = {
			isa = PBXGroup;
			children = (
				FD846B142966FE6C00FA9F4A /* Order.swift */,
			);
			path = ViewModel;
			sourceTree = "<group>";
		};
		FD846B162966FE7B00FA9F4A /* Model */ = {
			isa = PBXGroup;
			children = (
				FD846B172966FE8500FA9F4A /* Menu.swift */,
			);
			path = Model;
			sourceTree = "<group>";
		};
		FD846B192966FE9700FA9F4A /* Json */ = {
			isa = PBXGroup;
			children = (
				FD846B1A2966FEAA00FA9F4A /* menu.json */,
			);
			path = Json;
			sourceTree = "<group>";
		};
		FD846B1C2966FEB800FA9F4A /* Helper */ = {
			isa = PBXGroup;
			children = (
				FD846B1D2966FEC500FA9F4A /* Helper.swift */,
			);
			path = Helper;
			sourceTree = "<group>";
		};
/* End PBXGroup section */

/* Begin PBXNativeTarget section */
		FD846AF92966FDAA00FA9F4A /* iDine */ = {
			isa = PBXNativeTarget;
			buildConfigurationList = FD846B082966FDAE00FA9F4A /* Build configuration list for PBXNativeTarget "iDine" */;
			buildPhases = (
				FD846AF62966FDAA00FA9F4A /* Sources */,
				FD846AF72966FDAA00FA9F4A /* Frameworks */,
				FD846AF82966FDAA00FA9F4A /* Resources */,
			);
			buildRules = (
			);
			dependencies = (
			);
			name = iDine;
			productName = iDine;
			productReference = FD846AFA2966FDAA00FA9F4A /* iDine.app */;
			productType = "com.apple.product-type.application";
		};
/* End PBXNativeTarget section */

/* Begin PBXProject section */
		FD846AF22966FDAA00FA9F4A /* Project object */ = {
			isa = PBXProject;
			attributes = {
				BuildIndependentTargetsInParallel = 1;
				LastSwiftUpdateCheck = 1420;
				LastUpgradeCheck = 1420;
				TargetAttributes = {
					FD846AF92966FDAA00FA9F4A = {
						CreatedOnToolsVersion = 14.2;
					};
				};
			};
			buildConfigurationList = FD846AF52966FDAA00FA9F4A /* Build configuration list for PBXProject "iDine" */;
			compatibilityVersion = "Xcode 14.0";
			developmentRegion = en;
			hasScannedForEncodings = 0;
			knownRegions = (
				en,
				Base,
			);
			mainGroup = FD846AF12966FDAA00FA9F4A;
			productRefGroup = FD846AFB2966FDAA00FA9F4A /* Products */;
			projectDirPath = "";
			projectRoot = "";
			targets = (
				FD846AF92966FDAA00FA9F4A /* iDine */,
			);
		};
/* End PBXProject section */

/* Begin PBXResourcesBuildPhase section */
		FD846AF82966FDAA00FA9F4A /* Resources */ = {
			isa = PBXResourcesBuildPhase;
			buildActionMask = 2147483647;
			files = (
				FD846B1B2966FEAA00FA9F4A /* menu.json in Resources */,
				FD846B052966FDAE00FA9F4A /* Preview Assets.xcassets in Resources */,
				FD846B022966FDAE00FA9F4A /* Assets.xcassets in Resources */,
			);
			runOnlyForDeploymentPostprocessing = 0;
		};
/* End PBXResourcesBuildPhase section */

/* Begin PBXSourcesBuildPhase section */
		FD846AF62966FDAA00FA9F4A /* Sources */ = {
			isa = PBXSourcesBuildPhase;
			buildActionMask = 2147483647;
			files = (
				FD846B152966FE6C00FA9F4A /* Order.swift in Sources */,
				FD82A6F02967118100DB3552 /* CheckoutView.swift in Sources */,
				FD846B122966FE4800FA9F4A /* iDine.swift in Sources */,
				FD846B182966FE8500FA9F4A /* Menu.swift in Sources */,
				FD82A6EE29670E3100DB3552 /* MainView.swift in Sources */,
				FD846B0D2966FDFB00FA9F4A /* ItemRow.swift in Sources */,
				FD846B0F2966FE0B00FA9F4A /* ItemDetail.swift in Sources */,
				FD846B002966FDAA00FA9F4A /* ContentView.swift in Sources */,
				FD846B202967049E00FA9F4A /* OrderView.swift in Sources */,
				FD846AFE2966FDAA00FA9F4A /* iDineApp.swift in Sources */,
				FD846B1E2966FEC500FA9F4A /* Helper.swift in Sources */,
			);
			runOnlyForDeploymentPostprocessing = 0;
		};
/* End PBXSourcesBuildPhase section */

/* Begin XCBuildConfiguration section */
		FD846B062966FDAE00FA9F4A /* Debug */ = {
			isa = XCBuildConfiguration;
			buildSettings = {
				ALWAYS_SEARCH_USER_PATHS = NO;
				CLANG_ANALYZER_NONNULL = YES;
				CLANG_ANALYZER_NUMBER_OBJECT_CONVERSION = YES_AGGRESSIVE;
				CLANG_CXX_LANGUAGE_STANDARD = "gnu++20";
				CLANG_ENABLE_MODULES = YES;
				CLANG_ENABLE_OBJC_ARC = YES;
				CLANG_ENABLE_OBJC_WEAK = YES;
				CLANG_WARN_BLOCK_CAPTURE_AUTORELEASING = YES;
				CLANG_WARN_BOOL_CONVERSION = YES;
				CLANG_WARN_COMMA = YES;
				CLANG_WARN_CONSTANT_CONVERSION = YES;
				CLANG_WARN_DEPRECATED_OBJC_IMPLEMENTATIONS = YES;
				CLANG_WARN_DIRECT_OBJC_ISA_USAGE = YES_ERROR;
				CLANG_WARN_DOCUMENTATION_COMMENTS = YES;
				CLANG_WARN_EMPTY_BODY = YES;
				CLANG_WARN_ENUM_CONVERSION = YES;
				CLANG_WARN_INFINITE_RECURSION = YES;
				CLANG_WARN_INT_CONVERSION = YES;
				CLANG_WARN_NON_LITERAL_NULL_CONVERSION = YES;
				CLANG_WARN_OBJC_IMPLICIT_RETAIN_SELF = YES;
				CLANG_WARN_OBJC_LITERAL_CONVERSION = YES;
				CLANG_WARN_OBJC_ROOT_CLASS = YES_ERROR;
				CLANG_WARN_QUOTED_INCLUDE_IN_FRAMEWORK_HEADER = YES;
				CLANG_WARN_RANGE_LOOP_ANALYSIS = YES;
				CLANG_WARN_STRICT_PROTOTYPES = YES;
				CLANG_WARN_SUSPICIOUS_MOVE = YES;
				CLANG_WARN_UNGUARDED_AVAILABILITY = YES_AGGRESSIVE;
				CLANG_WARN_UNREACHABLE_CODE = YES;
				CLANG_WARN__DUPLICATE_METHOD_MATCH = YES;
				COPY_PHASE_STRIP = NO;
				DEBUG_INFORMATION_FORMAT = dwarf;
				ENABLE_STRICT_OBJC_MSGSEND = YES;
				ENABLE_TESTABILITY = YES;
				GCC_C_LANGUAGE_STANDARD = gnu11;
				GCC_DYNAMIC_NO_PIC = NO;
				GCC_NO_COMMON_BLOCKS = YES;
				GCC_OPTIMIZATION_LEVEL = 0;
				GCC_PREPROCESSOR_DEFINITIONS = (
					"DEBUG=1",
					"$(inherited)",
				);
				GCC_WARN_64_TO_32_BIT_CONVERSION = YES;
				GCC_WARN_ABOUT_RETURN_TYPE = YES_ERROR;
				GCC_WARN_UNDECLARED_SELECTOR = YES;
				GCC_WARN_UNINITIALIZED_AUTOS = YES_AGGRESSIVE;
				GCC_WARN_UNUSED_FUNCTION = YES;
				GCC_WARN_UNUSED_VARIABLE = YES;
				IPHONEOS_DEPLOYMENT_TARGET = 16.2;
				MTL_ENABLE_DEBUG_INFO = INCLUDE_SOURCE;
				MTL_FAST_MATH = YES;
				ONLY_ACTIVE_ARCH = YES;
				SDKROOT = iphoneos;
				SWIFT_ACTIVE_COMPILATION_CONDITIONS = DEBUG;
				SWIFT_OPTIMIZATION_LEVEL = "-Onone";
			};
			name = Debug;
		};
		FD846B072966FDAE00FA9F4A /* Release */ = {
			isa = XCBuildConfiguration;
			buildSettings = {
				ALWAYS_SEARCH_USER_PATHS = NO;
				CLANG_ANALYZER_NONNULL = YES;
				CLANG_ANALYZER_NUMBER_OBJECT_CONVERSION = YES_AGGRESSIVE;
				CLANG_CXX_LANGUAGE_STANDARD = "gnu++20";
				CLANG_ENABLE_MODULES = YES;
				CLANG_ENABLE_OBJC_ARC = YES;
				CLANG_ENABLE_OBJC_WEAK = YES;
				CLANG_WARN_BLOCK_CAPTURE_AUTORELEASING = YES;
				CLANG_WARN_BOOL_CONVERSION = YES;
				CLANG_WARN_COMMA = YES;
				CLANG_WARN_CONSTANT_CONVERSION = YES;
				CLANG_WARN_DEPRECATED_OBJC_IMPLEMENTATIONS = YES;
				CLANG_WARN_DIRECT_OBJC_ISA_USAGE = YES_ERROR;
				CLANG_WARN_DOCUMENTATION_COMMENTS = YES;
				CLANG_WARN_EMPTY_BODY = YES;
				CLANG_WARN_ENUM_CONVERSION = YES;
				CLANG_WARN_INFINITE_RECURSION = YES;
				CLANG_WARN_INT_CONVERSION = YES;
				CLANG_WARN_NON_LITERAL_NULL_CONVERSION = YES;
				CLANG_WARN_OBJC_IMPLICIT_RETAIN_SELF = YES;
				CLANG_WARN_OBJC_LITERAL_CONVERSION = YES;
				CLANG_WARN_OBJC_ROOT_CLASS = YES_ERROR;
				CLANG_WARN_QUOTED_INCLUDE_IN_FRAMEWORK_HEADER = YES;
				CLANG_WARN_RANGE_LOOP_ANALYSIS = YES;
				CLANG_WARN_STRICT_PROTOTYPES = YES;
				CLANG_WARN_SUSPICIOUS_MOVE = YES;
				CLANG_WARN_UNGUARDED_AVAILABILITY = YES_AGGRESSIVE;
				CLANG_WARN_UNREACHABLE_CODE = YES;
				CLANG_WARN__DUPLICATE_METHOD_MATCH = YES;
				COPY_PHASE_STRIP = NO;
				DEBUG_INFORMATION_FORMAT = "dwarf-with-dsym";
				ENABLE_NS_ASSERTIONS = NO;
				ENABLE_STRICT_OBJC_MSGSEND = YES;
				GCC_C_LANGUAGE_STANDARD = gnu11;
				GCC_NO_COMMON_BLOCKS = YES;
				GCC_WARN_64_TO_32_BIT_CONVERSION = YES;
				GCC_WARN_ABOUT_RETURN_TYPE = YES_ERROR;
				GCC_WARN_UNDECLARED_SELECTOR = YES;
				GCC_WARN_UNINITIALIZED_AUTOS = YES_AGGRESSIVE;
				GCC_WARN_UNUSED_FUNCTION = YES;
				GCC_WARN_UNUSED_VARIABLE = YES;
				IPHONEOS_DEPLOYMENT_TARGET = 16.2;
				MTL_ENABLE_DEBUG_INFO = NO;
				MTL_FAST_MATH = YES;
				SDKROOT = iphoneos;
				SWIFT_COMPILATION_MODE = wholemodule;
				SWIFT_OPTIMIZATION_LEVEL = "-O";
				VALIDATE_PRODUCT = YES;
			};
			name = Release;
		};
		FD846B092966FDAE00FA9F4A /* Debug */ = {
			isa = XCBuildConfiguration;
			buildSettings = {
				ASSETCATALOG_COMPILER_APPICON_NAME = AppIcon;
				ASSETCATALOG_COMPILER_GLOBAL_ACCENT_COLOR_NAME = AccentColor;
				CODE_SIGN_STYLE = Automatic;
				CURRENT_PROJECT_VERSION = 1;
				DEVELOPMENT_ASSET_PATHS = "\"iDine/Preview Content\"";
				DEVELOPMENT_TEAM = XP6V4T4UU6;
				ENABLE_PREVIEWS = YES;
				GENERATE_INFOPLIST_FILE = YES;
				INFOPLIST_KEY_UIApplicationSceneManifest_Generation = YES;
				INFOPLIST_KEY_UIApplicationSupportsIndirectInputEvents = YES;
				INFOPLIST_KEY_UILaunchScreen_Generation = YES;
				INFOPLIST_KEY_UISupportedInterfaceOrientations_iPad = "UIInterfaceOrientationPortrait UIInterfaceOrientationPortraitUpsideDown UIInterfaceOrientationLandscapeLeft UIInterfaceOrientationLandscapeRight";
				INFOPLIST_KEY_UISupportedInterfaceOrientations_iPhone = "UIInterfaceOrientationPortrait UIInterfaceOrientationLandscapeLeft UIInterfaceOrientationLandscapeRight";
				LD_RUNPATH_SEARCH_PATHS = (
					"$(inherited)",
					"@executable_path/Frameworks",
				);
				MARKETING_VERSION = 1.0;
				PRODUCT_BUNDLE_IDENTIFIER = com.blacenova.iDine;
				PRODUCT_NAME = "$(TARGET_NAME)";
				SWIFT_EMIT_LOC_STRINGS = YES;
				SWIFT_VERSION = 5.0;
				TARGETED_DEVICE_FAMILY = "1,2";
			};
			name = Debug;
		};
		FD846B0A2966FDAE00FA9F4A /* Release */ = {
			isa = XCBuildConfiguration;
			buildSettings = {
				ASSETCATALOG_COMPILER_APPICON_NAME = AppIcon;
				ASSETCATALOG_COMPILER_GLOBAL_ACCENT_COLOR_NAME = AccentColor;
				CODE_SIGN_STYLE = Automatic;
				CURRENT_PROJECT_VERSION = 1;
				DEVELOPMENT_ASSET_PATHS = "\"iDine/Preview Content\"";
				DEVELOPMENT_TEAM = XP6V4T4UU6;
				ENABLE_PREVIEWS = YES;
				GENERATE_INFOPLIST_FILE = YES;
				INFOPLIST_KEY_UIApplicationSceneManifest_Generation = YES;
				INFOPLIST_KEY_UIApplicationSupportsIndirectInputEvents = YES;
				INFOPLIST_KEY_UILaunchScreen_Generation = YES;
				INFOPLIST_KEY_UISupportedInterfaceOrientations_iPad = "UIInterfaceOrientationPortrait UIInterfaceOrientationPortraitUpsideDown UIInterfaceOrientationLandscapeLeft UIInterfaceOrientationLandscapeRight";
				INFOPLIST_KEY_UISupportedInterfaceOrientations_iPhone = "UIInterfaceOrientationPortrait UIInterfaceOrientationLandscapeLeft UIInterfaceOrientationLandscapeRight";
				LD_RUNPATH_SEARCH_PATHS = (
					"$(inherited)",
					"@executable_path/Frameworks",
				);
				MARKETING_VERSION = 1.0;
				PRODUCT_BUNDLE_IDENTIFIER = com.blacenova.iDine;
				PRODUCT_NAME = "$(TARGET_NAME)";
				SWIFT_EMIT_LOC_STRINGS = YES;
				SWIFT_VERSION = 5.0;
				TARGETED_DEVICE_FAMILY = "1,2";
			};
			name = Release;
		};
/* End XCBuildConfiguration section */

/* Begin XCConfigurationList section */
		FD846AF52966FDAA00FA9F4A /* Build configuration list for PBXProject "iDine" */ = {
			isa = XCConfigurationList;
			buildConfigurations = (
				FD846B062966FDAE00FA9F4A /* Debug */,
				FD846B072966FDAE00FA9F4A /* Release */,
			);
			defaultConfigurationIsVisible = 0;
			defaultConfigurationName = Release;
		};
		FD846B082966FDAE00FA9F4A /* Build configuration list for PBXNativeTarget "iDine" */ = {
			isa = XCConfigurationList;
			buildConfigurations = (
				FD846B092966FDAE00FA9F4A /* Debug */,
				FD846B0A2966FDAE00FA9F4A /* Release */,
			);
			defaultConfigurationIsVisible = 0;
			defaultConfigurationName = Release;
		};
/* End XCConfigurationList section */
	};
	rootObject = FD846AF22966FDAA00FA9F4A /* Project object */;
}
